
Microsoft Visual Studio Solution File, Format Version 12.00
# Visual Studio Version 17
VisualStudioVersion = 17.7.34202.233
MinimumVisualStudioVersion = 10.0.40219.1
Project("{8BC9CEB8-8B4A-11D0-8D11-00A0C91BC942}") = "qsort", "..\qsort\qsort.vcxproj", "{8D84DFC4-315C-462F-BB16-8BBAFC5383BB}"
EndProject
Project("{8BC9CEB8-8B4A-11D0-8D11-00A0C91BC942}") = "tree", "..\tree\tree.vcxproj", "{699DADA7-D8B9-48B0-A701-45BCA4AE2505}"
EndProject
Project("{8BC9CEB8-8B4A-11D0-8D11-00A0C91BC942}") = "wordCount", "..\wordCount\wordCount.vcxproj", "{419BD009-97AF-4661-9445-DF4217A1FA54}"
EndProject
Project("{8BC9CEB8-8B4A-11D0-8D11-00A0C91BC942}") = "hashtab", "..\hashtab\hashtab.vcxproj", "{D32FB247-0D68-486A-9A2A-8CF3EBF34B35}"
EndProject
Project("{8BC9CEB8-8B4A-11D0-8D11-00A0C91BC942}") = "dataTypeSize", "..\dataTypeSize\dataTypeSize.vcxproj", "{FF292694-F592-4F2C-B6C0-505D80E610F6}"
EndProject
Project("{8BC9CEB8-8B4A-11D0-8D11-00A0C91BC942}") = "sortfunc", "..\sortfunc\sortfunc.vcxproj", "{CDD8B3A7-29E5-4F26-8024-15F644C8D350}"
EndProject
Project("{8BC9CEB8-8B4A-11D0-8D11-00A0C91BC942}") = "lenovo", "..\lenovo\lenovo.vcxproj", "{110D297C-67BA-40A1-9368-6A07E5CF3165}"
EndProject
Project("{8BC9CEB8-8B4A-11D0-8D11-00A0C91BC942}") = "atof", "..\atof\atof.vcxproj", "{E9A621F8-EBF4-4461-B7F1-F654DEDF41B2}"
EndProject
Global
	GlobalSection(SolutionConfigurationPlatforms) = preSolution
		Debug|x64 = Debug|x64
		Debug|x86 = Debug|x86
		Release|x64 = Release|x64
		Release|x86 = Release|x86
	EndGlobalSection
	GlobalSection(ProjectConfigurationPlatforms) = postSolution
		{8D84DFC4-315C-462F-BB16-8BBAFC5383BB}.Debug|x64.ActiveCfg = Debug|x64
		{8D84DFC4-315C-462F-BB16-8BBAFC5383BB}.Debug|x64.Build.0 = Debug|x64
		{8D84DFC4-315C-462F-BB16-8BBAFC5383BB}.Debug|x86.ActiveCfg = Debug|Win32
		{8D84DFC4-315C-462F-BB16-8BBAFC5383BB}.Debug|x86.Build.0 = Debug|Win32
		{8D84DFC4-315C-462F-BB16-8BBAFC5383BB}.Release|x64.ActiveCfg = Release|x64
		{8D84DFC4-315C-462F-BB16-8BBAFC5383BB}.Release|x64.Build.0 = Release|x64
		{8D84DFC4-315C-462F-BB16-8BBAFC5383BB}.Release|x86.ActiveCfg = Release|Win32
		{8D84DFC4-315C-462F-BB16-8BBAFC5383BB}.Release|x86.Build.0 = Release|Win32
		{699DADA7-D8B9-48B0-A701-45BCA4AE2505}.Debug|x64.ActiveCfg = Debug|x64
		{699DADA7-D8B9-48B0-A701-45BCA4AE2505}.Debug|x64.Build.0 = Debug|x64
		{699DADA7-D8B9-48B0-A701-45BCA4AE2505}.Debug|x86.ActiveCfg = Debug|Win32
		{699DADA7-D8B9-48B0-A701-45BCA4AE2505}.Debug|x86.Build.0 = Debug|Win32
		{699DADA7-D8B9-48B0-A701-45BCA4AE2505}.Release|x64.ActiveCfg = Release|x64
		{699DADA7-D8B9-48B0-A701-45BCA4AE2505}.Release|x64.Build.0 = Release|x64
		{699DADA7-D8B9-48B0-A701-45BCA4AE2505}.Release|x86.ActiveCfg = Release|Win32
		{699DADA7-D8B9-48B0-A701-45BCA4AE2505}.Release|x86.Build.0 = Release|Win32
		{419BD009-97AF-4661-9445-DF4217A1FA54}.Debug|x64.ActiveCfg = Debug|x64
		{419BD009-97AF-4661-9445-DF4217A1FA54}.Debug|x64.Build.0 = Debug|x64
		{419BD009-97AF-4661-9445-DF4217A1FA54}.Debug|x86.ActiveCfg = Debug|Win32
		{419BD009-97AF-4661-9445-DF4217A1FA54}.Debug|x86.Build.0 = Debug|Win32
		{419BD009-97AF-4661-9445-DF4217A1FA54}.Release|x64.ActiveCfg = Release|x64
		{419BD009-97AF-4661-9445-DF4217A1FA54}.Release|x64.Build.0 = Release|x64
		{419BD009-97AF-4661-9445-DF4217A1FA54}.Release|x86.ActiveCfg = Release|Win32
		{419BD009-97AF-4661-9445-DF4217A1FA54}.Release|x86.Build.0 = Release|Win32
		{D32FB247-0D68-486A-9A2A-8CF3EBF34B35}.Debug|x64.ActiveCfg = Debug|x64
		{D32FB247-0D68-486A-9A2A-8CF3EBF34B35}.Debug|x64.Build.0 = Debug|x64
		{D32FB247-0D68-486A-9A2A-8CF3EBF34B35}.Debug|x86.ActiveCfg = Debug|Win32
		{D32FB247-0D68-486A-9A2A-8CF3EBF34B35}.Debug|x86.Build.0 = Debug|Win32
		{D32FB247-0D68-486A-9A2A-8CF3EBF34B35}.Release|x64.ActiveCfg = Release|x64
		{D32FB247-0D68-486A-9A2A-8CF3EBF34B35}.Release|x64.Build.0 = Release|x64
		{D32FB247-0D68-486A-9A2A-8CF3EBF34B35}.Release|x86.ActiveCfg = Release|Win32
		{D32FB247-0D68-486A-9A2A-8CF3EBF34B35}.Release|x86.Build.0 = Release|Win32
		{FF292694-F592-4F2C-B6C0-505D80E610F6}.Debug|x64.ActiveCfg = Debug|x64
		{FF292694-F592-4F2C-B6C0-505D80E610F6}.Debug|x64.Build.0 = Debug|x64
		{FF292694-F592-4F2C-B6C0-505D80E610F6}.Debug|x86.ActiveCfg = Debug|Win32
		{FF292694-F592-4F2C-B6C0-505D80E610F6}.Debug|x86.Build.0 = Debug|Win32
		{FF292694-F592-4F2C-B6C0-505D80E610F6}.Release|x64.ActiveCfg = Release|x64
		{FF292694-F592-4F2C-B6C0-505D80E610F6}.Release|x64.Build.0 = Release|x64
		{FF292694-F592-4F2C-B6C0-505D80E610F6}.Release|x86.ActiveCfg = Release|Win32
		{FF292694-F592-4F2C-B6C0-505D80E610F6}.Release|x86.Build.0 = Release|Win32
		{CDD8B3A7-29E5-4F26-8024-15F644C8D350}.Debug|x64.ActiveCfg = Debug|x64
		{CDD8B3A7-29E5-4F26-8024-15F644C8D350}.Debug|x64.Build.0 = Debug|x64
		{CDD8B3A7-29E5-4F26-8024-15F644C8D350}.Debug|x86.ActiveCfg = Debug|Win32
		{CDD8B3A7-29E5-4F26-8024-15F644C8D350}.Debug|x86.Build.0 = Debug|Win32
		{CDD8B3A7-29E5-4F26-8024-15F644C8D350}.Release|x64.ActiveCfg = Release|x64
		{CDD8B3A7-29E5-4F26-8024-15F644C8D350}.Release|x64.Build.0 = Release|x64
		{CDD8B3A7-29E5-4F26-8024-15F644C8D350}.Release|x86.ActiveCfg = Release|Win32
		{CDD8B3A7-29E5-4F26-8024-15F644C8D350}.Release|x86.Build.0 = Release|Win32
		{110D297C-67BA-40A1-9368-6A07E5CF3165}.Debug|x64.ActiveCfg = Debug|x64
		{110D297C-67BA-40A1-9368-6A07E5CF3165}.Debug|x64.Build.0 = Debug|x64
		{110D297C-67BA-40A1-9368-6A07E5CF3165}.Debug|x86.ActiveCfg = Debug|Win32
		{110D297C-67BA-40A1-9368-6A07E5CF3165}.Debug|x86.Build.0 = Debug|Win32
		{110D297C-67BA-40A1-9368-6A07E5CF3165}.Release|x64.ActiveCfg = Release|x64
		{110D297C-67BA-40A1-9368-6A07E5CF3165}.Release|x64.Build.0 = Release|x64
		{110D297C-67BA-40A1-9368-6A07E5CF3165}.Release|x86.ActiveCfg = Release|Win32
		{110D297C-67BA-40A1-9368-6A07E5CF3165}.Release|x86.Build.0 = Release|Win32
		{E9A621F8-EBF4-4461-B7F1-F654DEDF41B2}.Debug|x64.ActiveCfg = Debug|x64
		{E9A621F8-EBF4-4461-B7F1-F654DEDF41B2}.Debug|x64.Build.0 = Debug|x64
		{E9A621F8-EBF4-4461-B7F1-F654DEDF41B2}.Debug|x86.ActiveCfg = Debug|Win32
		{E9A621F8-EBF4-4461-B7F1-F654DEDF41B2}.Debug|x86.Build.0 = Debug|Win32
		{E9A621F8-EBF4-4461-B7F1-F654DEDF41B2}.Release|x64.ActiveCfg = Release|x64
		{E9A621F8-EBF4-4461-B7F1-F654DEDF41B2}.Release|x64.Build.0 = Release|x64
		{E9A621F8-EBF4-4461-B7F1-F654DEDF41B2}.Release|x86.ActiveCfg = Release|Win32
		{E9A621F8-EBF4-4461-B7F1-F654DEDF41B2}.Release|x86.Build.0 = Release|Win32
	EndGlobalSection
	GlobalSection(SolutionProperties) = preSolution
		HideSolutionNode = FALSE
	EndGlobalSection
	GlobalSection(ExtensibilityGlobals) = postSolution
		SolutionGuid = {03A246AA-1D19-49A1-9758-08C8AB16B033}
	EndGlobalSection
EndGlobal
